
Microsoft Visual Studio Solution File, Format Version 12.00
# Visual Studio Version 17
VisualStudioVersion = 17.3.32929.385
MinimumVisualStudioVersion = 10.0.40219.1
Project("{FAE04EC0-301F-11D3-BF4B-00C04F79EFBC}") = "IDS.OWID.SDK", "IDS.OWID.SDK.csproj", "{6AADD9E4-A8B2-4050-9950-F47666855ACE}"
EndProject
Global
	GlobalSection(SolutionConfigurationPlatforms) = preSolution
		Debug|Any CPU = Debug|Any CPU
		Release|Any CPU = Release|Any CPU
	EndGlobalSection
	GlobalSection(ProjectConfigurationPlatforms) = postSolution
		{6AADD9E4-A8B2-4050-9950-F47666855ACE}.Debug|Any CPU.ActiveCfg = Debug|Any CPU
		{6AADD9E4-A8B2-4050-9950-F47666855ACE}.Debug|Any CPU.Build.0 = Debug|Any CPU
		{6AADD9E4-A8B2-4050-9950-F47666855ACE}.Release|Any CPU.ActiveCfg = Release|Any CPU
		{6AADD9E4-A8B2-4050-9950-F47666855ACE}.Release|Any CPU.Build.0 = Release|Any CPU
	EndGlobalSection
	GlobalSection(SolutionProperties) = preSolution
		HideSolutionNode = FALSE
	EndGlobalSection
	GlobalSection(ExtensibilityGlobals) = postSolution
		SolutionGuid = {B759F5CC-1D19-4006-A937-B285A94CFDFC}
	EndGlobalSection
EndGlobal
